Microsoft Visual Studio Solution File, Format Version 12.00
# Visual Studio Version 17
VisualStudioVersion = 17.5.2.0
MinimumVisualStudioVersion = 10.0.40219.1
Project("{FAE04EC0-301F-11D3-BF4B-00C04F79EFBC}") = "AutoCal.Abstractions", "AutoCal.Abstractions\AutoCal.Abstractions.csproj", "{DF3317D1-3539-E6E4-7DF2-0B0D350925FD}"
EndProject
Global
	GlobalSection(SolutionConfigurationPlatforms) = preSolution
		Debug|Any CPU = Debug|Any CPU
		Release|Any CPU = Release|Any CPU
	EndGlobalSection
	GlobalSection(ProjectConfigurationPlatforms) = postSolution
		{DF3317D1-3539-E6E4-7DF2-0B0D350925FD}.Debug|Any CPU.ActiveCfg = Debug|Any CPU
		{DF3317D1-3539-E6E4-7DF2-0B0D350925FD}.Debug|Any CPU.Build.0 = Debug|Any CPU
		{DF3317D1-3539-E6E4-7DF2-0B0D350925FD}.Release|Any CPU.ActiveCfg = Release|Any CPU
		{DF3317D1-3539-E6E4-7DF2-0B0D350925FD}.Release|Any CPU.Build.0 = Release|Any CPU
	EndGlobalSection
	GlobalSection(SolutionProperties) = preSolution
		HideSolutionNode = FALSE
	EndGlobalSection
	GlobalSection(ExtensibilityGlobals) = postSolution
		SolutionGuid = {5A9BD508-1BE1-46CC-85C0-0AEF0D3AEEE1}
	EndGlobalSection
EndGlobal
